name: Generate package lock

on:
  push:
    branches: [fix/add-template-package-lock]

permissions:
  contents: read

jobs:
  lockfile:
    runs-on: ubuntu-22.04
    steps:
      - uses: actions/checkout@v5
      - uses: actions/setup-node@v4
        with:
          node-version: '22'
      - name: Generate package-lock.json
        run: npm install --package-lock-only --ignore-scripts
      - uses: actions/upload-artifact@v4
        with:
          name: generated-package-lock
          path: package-lock.json
          if-no-files-found: error
          retention-days: 1
